<?xml version="1.0" encoding="UTF-8"?>
<Scheme
   version = "1.3">
   <BuildAction>
      <BuildActionEntries>
         <BuildActionEntry
            buildForRunning = "YES">
            <BuildableReference
               BuildableIdentifier = "primary"
               BlueprintIdentifier = "CDF0EFE526E4431BD6AC3B61"
               BuildableName = "16-multi-dimensional_array"
               BlueprintName = "16-multi-dimensional_array"
               ReferencedContainer = "container:16-multi-dimensional_array.xcodeproj">
            </BuildableReference>
         </BuildActionEntry>
      </BuildActionEntries>
   </BuildAction>
   <LaunchAction
      useCustomWorkingDirectory = "NO"
      buildConfiguration = "Debug"
      allowLocationSimulation = "YES">
      <BuildableProductRunnable>
         <BuildableReference
            BuildableIdentifier = "primary"
            BlueprintIdentifier = "CDF0EFE526E4431BD6AC3B61"
            BuildableName = "16-multi-dimensional_array"
            BlueprintName = "16-multi-dimensional_array"
            ReferencedContainer = "container:16-multi-dimensional_array.xcodeproj">
         </BuildableReference>
      </BuildableProductRunnable>
   </LaunchAction>
</Scheme>
