<?xml version="1.0" encoding="UTF-8"?>
<Scheme
   version = "1.3">
   <BuildAction>
      <BuildActionEntries>
         <BuildActionEntry
            buildForRunning = "YES">
            <BuildableReference
               BuildableIdentifier = "primary"
               BlueprintIdentifier = "CDF0E610E93D244B91DEBBAC"
               BuildableName = "19-arrays_of_pointers"
               BlueprintName = "19-arrays_of_pointers"
               ReferencedContainer = "container:19-arrays_of_pointers.xcodeproj">
            </BuildableReference>
         </BuildActionEntry>
      </BuildActionEntries>
   </BuildAction>
   <LaunchAction
      useCustomWorkingDirectory = "NO"
      buildConfiguration = "Debug"
      allowLocationSimulation = "YES">
      <BuildableProductRunnable>
         <BuildableReference
            BuildableIdentifier = "primary"
            BlueprintIdentifier = "CDF0E610E93D244B91DEBBAC"
            BuildableName = "19-arrays_of_pointers"
            BlueprintName = "19-arrays_of_pointers"
            ReferencedContainer = "container:19-arrays_of_pointers.xcodeproj">
         </BuildableReference>
      </BuildableProductRunnable>
   </LaunchAction>
</Scheme>
